Microsoft Visual Studio Solution File, Format Version 12.00
# Visual Studio Version 17
VisualStudioVersion = 17.5.2.0
MinimumVisualStudioVersion = 10.0.40219.1
Project("{FAE04EC0-301F-11D3-BF4B-00C04F79EFBC}") = "HealthTracker.Application", "HealthTracker.Application.csproj", "{A2235DA2-E558-2D80-AE11-2A1BA9E3B257}"
EndProject
Global
	GlobalSection(SolutionConfigurationPlatforms) = preSolution
		Debug|Any CPU = Debug|Any CPU
		Release|Any CPU = Release|Any CPU
	EndGlobalSection
	GlobalSection(ProjectConfigurationPlatforms) = postSolution
		{A2235DA2-E558-2D80-AE11-2A1BA9E3B257}.Debug|Any CPU.ActiveCfg = Debug|Any CPU
		{A2235DA2-E558-2D80-AE11-2A1BA9E3B257}.Debug|Any CPU.Build.0 = Debug|Any CPU
		{A2235DA2-E558-2D80-AE11-2A1BA9E3B257}.Release|Any CPU.ActiveCfg = Release|Any CPU
		{A2235DA2-E558-2D80-AE11-2A1BA9E3B257}.Release|Any CPU.Build.0 = Release|Any CPU
	EndGlobalSection
	GlobalSection(SolutionProperties) = preSolution
		HideSolutionNode = FALSE
	EndGlobalSection
	GlobalSection(ExtensibilityGlobals) = postSolution
		SolutionGuid = {5046181F-01BB-4B3D-844F-56A05604B344}
	EndGlobalSection
EndGlobal
